
Microsoft Visual Studio Solution File, Format Version 12.00
# Visual Studio Version 17
VisualStudioVersion = 17.5.33530.505
MinimumVisualStudioVersion = 10.0.40219.1
Project("{FAE04EC0-301F-11D3-BF4B-00C04F79EFBC}") = "PagesApplication", "PagesApplication\PagesApplication.csproj", "{5AB98636-5FD4-41EC-936A-4AD26E42B104}"
EndProject
Global
	GlobalSection(SolutionConfigurationPlatforms) = preSolution
		Debug|Any CPU = Debug|Any CPU
		Release|Any CPU = Release|Any CPU
	EndGlobalSection
	GlobalSection(ProjectConfigurationPlatforms) = postSolution
		{5AB98636-5FD4-41EC-936A-4AD26E42B104}.Debug|Any CPU.ActiveCfg = Debug|Any CPU
		{5AB98636-5FD4-41EC-936A-4AD26E42B104}.Debug|Any CPU.Build.0 = Debug|Any CPU
		{5AB98636-5FD4-41EC-936A-4AD26E42B104}.Release|Any CPU.ActiveCfg = Release|Any CPU
		{5AB98636-5FD4-41EC-936A-4AD26E42B104}.Release|Any CPU.Build.0 = Release|Any CPU
	EndGlobalSection
	GlobalSection(SolutionProperties) = preSolution
		HideSolutionNode = FALSE
	EndGlobalSection
	GlobalSection(ExtensibilityGlobals) = postSolution
		SolutionGuid = {EA415468-0971-4967-8C59-B6F0EB8CB08E}
	EndGlobalSection
EndGlobal
