
Microsoft Visual Studio Solution File, Format Version 12.00
# Visual Studio Version 17
VisualStudioVersion = 17.5.33530.505
MinimumVisualStudioVersion = 10.0.40219.1
Project("{FAE04EC0-301F-11D3-BF4B-00C04F79EFBC}") = "Event", "Event\Event.csproj", "{13B9F542-EEB8-407C-8914-7811D48B470B}"
EndProject
Project("{FAE04EC0-301F-11D3-BF4B-00C04F79EFBC}") = "EventSolution", "EventSolution\EventSolution.csproj", "{2C779F34-E141-4BEC-A984-7781C3695C32}"
EndProject
Project("{FAE04EC0-301F-11D3-BF4B-00C04F79EFBC}") = "ExtentionMethod", "ExtentionMethod\ExtentionMethod.csproj", "{83302FD1-9A09-473E-9044-00CAF586B219}"
EndProject
Global
	GlobalSection(SolutionConfigurationPlatforms) = preSolution
		Debug|Any CPU = Debug|Any CPU
		Release|Any CPU = Release|Any CPU
	EndGlobalSection
	GlobalSection(ProjectConfigurationPlatforms) = postSolution
		{13B9F542-EEB8-407C-8914-7811D48B470B}.Debug|Any CPU.ActiveCfg = Debug|Any CPU
		{13B9F542-EEB8-407C-8914-7811D48B470B}.Debug|Any CPU.Build.0 = Debug|Any CPU
		{13B9F542-EEB8-407C-8914-7811D48B470B}.Release|Any CPU.ActiveCfg = Release|Any CPU
		{13B9F542-EEB8-407C-8914-7811D48B470B}.Release|Any CPU.Build.0 = Release|Any CPU
		{2C779F34-E141-4BEC-A984-7781C3695C32}.Debug|Any CPU.ActiveCfg = Debug|Any CPU
		{2C779F34-E141-4BEC-A984-7781C3695C32}.Debug|Any CPU.Build.0 = Debug|Any CPU
		{2C779F34-E141-4BEC-A984-7781C3695C32}.Release|Any CPU.ActiveCfg = Release|Any CPU
		{2C779F34-E141-4BEC-A984-7781C3695C32}.Release|Any CPU.Build.0 = Release|Any CPU
		{83302FD1-9A09-473E-9044-00CAF586B219}.Debug|Any CPU.ActiveCfg = Debug|Any CPU
		{83302FD1-9A09-473E-9044-00CAF586B219}.Debug|Any CPU.Build.0 = Debug|Any CPU
		{83302FD1-9A09-473E-9044-00CAF586B219}.Release|Any CPU.ActiveCfg = Release|Any CPU
		{83302FD1-9A09-473E-9044-00CAF586B219}.Release|Any CPU.Build.0 = Release|Any CPU
	EndGlobalSection
	GlobalSection(SolutionProperties) = preSolution
		HideSolutionNode = FALSE
	EndGlobalSection
	GlobalSection(ExtensibilityGlobals) = postSolution
		SolutionGuid = {9DF7CB9D-4CC9-4564-9C02-7A25A2A4F08C}
	EndGlobalSection
EndGlobal
