
Microsoft Visual Studio Solution File, Format Version 12.00
# Visual Studio Version 17
VisualStudioVersion = 17.5.33530.505
MinimumVisualStudioVersion = 10.0.40219.1
Project("{FAE04EC0-301F-11D3-BF4B-00C04F79EFBC}") = "31VuPhucThanh", "31VuPhucThanh\31VuPhucThanh.csproj", "{ABCD47F1-C9C0-4481-827D-739250409C4B}"
EndProject
Global
	GlobalSection(SolutionConfigurationPlatforms) = preSolution
		Debug|Any CPU = Debug|Any CPU
		Release|Any CPU = Release|Any CPU
	EndGlobalSection
	GlobalSection(ProjectConfigurationPlatforms) = postSolution
		{ABCD47F1-C9C0-4481-827D-739250409C4B}.Debug|Any CPU.ActiveCfg = Debug|Any CPU
		{ABCD47F1-C9C0-4481-827D-739250409C4B}.Debug|Any CPU.Build.0 = Debug|Any CPU
		{ABCD47F1-C9C0-4481-827D-739250409C4B}.Release|Any CPU.ActiveCfg = Release|Any CPU
		{ABCD47F1-C9C0-4481-827D-739250409C4B}.Release|Any CPU.Build.0 = Release|Any CPU
	EndGlobalSection
	GlobalSection(SolutionProperties) = preSolution
		HideSolutionNode = FALSE
	EndGlobalSection
	GlobalSection(ExtensibilityGlobals) = postSolution
		SolutionGuid = {E723235D-F9E0-4E18-B315-FDE36CD8EA1B}
	EndGlobalSection
EndGlobal
