
Microsoft Visual Studio Solution File, Format Version 12.00
# Visual Studio Version 17
VisualStudioVersion = 17.5.33530.505
MinimumVisualStudioVersion = 10.0.40219.1
Project("{FAE04EC0-301F-11D3-BF4B-00C04F79EFBC}") = "delegate", "delegate\delegate.csproj", "{AB17592C-8FF4-416A-90B3-4B806AFB3232}"
EndProject
Project("{FAE04EC0-301F-11D3-BF4B-00C04F79EFBC}") = "FuncAction", "FuncAction\FuncAction.csproj", "{8993ABD9-25A3-4F20-AEED-D8A68591B43C}"
EndProject
Global
	GlobalSection(SolutionConfigurationPlatforms) = preSolution
		Debug|Any CPU = Debug|Any CPU
		Release|Any CPU = Release|Any CPU
	EndGlobalSection
	GlobalSection(ProjectConfigurationPlatforms) = postSolution
		{AB17592C-8FF4-416A-90B3-4B806AFB3232}.Debug|Any CPU.ActiveCfg = Debug|Any CPU
		{AB17592C-8FF4-416A-90B3-4B806AFB3232}.Debug|Any CPU.Build.0 = Debug|Any CPU
		{AB17592C-8FF4-416A-90B3-4B806AFB3232}.Release|Any CPU.ActiveCfg = Release|Any CPU
		{AB17592C-8FF4-416A-90B3-4B806AFB3232}.Release|Any CPU.Build.0 = Release|Any CPU
		{8993ABD9-25A3-4F20-AEED-D8A68591B43C}.Debug|Any CPU.ActiveCfg = Debug|Any CPU
		{8993ABD9-25A3-4F20-AEED-D8A68591B43C}.Debug|Any CPU.Build.0 = Debug|Any CPU
		{8993ABD9-25A3-4F20-AEED-D8A68591B43C}.Release|Any CPU.ActiveCfg = Release|Any CPU
		{8993ABD9-25A3-4F20-AEED-D8A68591B43C}.Release|Any CPU.Build.0 = Release|Any CPU
	EndGlobalSection
	GlobalSection(SolutionProperties) = preSolution
		HideSolutionNode = FALSE
	EndGlobalSection
	GlobalSection(ExtensibilityGlobals) = postSolution
		SolutionGuid = {473CDDF1-2B3A-4DED-8EA7-DC8C69E1BDCA}
	EndGlobalSection
EndGlobal
